
Microsoft Visual Studio Solution File, Format Version 12.00
# Visual Studio Version 16
VisualStudioVersion = 16.0.29911.84
MinimumVisualStudioVersion = 10.0.40219.1
Project("{FAE04EC0-301F-11D3-BF4B-00C04F79EFBC}") = "HeadlessChromium.Test", "HeadlessChromium.Test\HeadlessChromium.Test.csproj", "{7D422814-B487-444F-BA29-269A085F139E}"
EndProject
Global
	GlobalSection(SolutionConfigurationPlatforms) = preSolution
		Debug|Any CPU = Debug|Any CPU
		Release|Any CPU = Release|Any CPU
	EndGlobalSection
	GlobalSection(ProjectConfigurationPlatforms) = postSolution
		{7D422814-B487-444F-BA29-269A085F139E}.Debug|Any CPU.ActiveCfg = Debug|Any CPU
		{7D422814-B487-444F-BA29-269A085F139E}.Debug|Any CPU.Build.0 = Debug|Any CPU
		{7D422814-B487-444F-BA29-269A085F139E}.Release|Any CPU.ActiveCfg = Release|Any CPU
		{7D422814-B487-444F-BA29-269A085F139E}.Release|Any CPU.Build.0 = Release|Any CPU
	EndGlobalSection
	GlobalSection(SolutionProperties) = preSolution
		HideSolutionNode = FALSE
	EndGlobalSection
	GlobalSection(ExtensibilityGlobals) = postSolution
		SolutionGuid = {A0E35A28-8BA5-4250-BAC8-D6AE64D7C760}
	EndGlobalSection
EndGlobal
