
Microsoft Visual Studio Solution File, Format Version 12.00
# Visual Studio 15
VisualStudioVersion = 15.0.28010.2048
MinimumVisualStudioVersion = 10.0.40219.1
Project("{FAE04EC0-301F-11D3-BF4B-00C04F79EFBC}") = "HeadlessChromiumTest", "HeadlessChromiumTest\HeadlessChromiumTest.csproj", "{B45C444A-2C74-4EAB-8DEB-5D97A886CB1E}"
EndProject
Global
	GlobalSection(SolutionConfigurationPlatforms) = preSolution
		Debug|Any CPU = Debug|Any CPU
		Release|Any CPU = Release|Any CPU
	EndGlobalSection
	GlobalSection(ProjectConfigurationPlatforms) = postSolution
		{B45C444A-2C74-4EAB-8DEB-5D97A886CB1E}.Debug|Any CPU.ActiveCfg = Debug|Any CPU
		{B45C444A-2C74-4EAB-8DEB-5D97A886CB1E}.Debug|Any CPU.Build.0 = Debug|Any CPU
		{B45C444A-2C74-4EAB-8DEB-5D97A886CB1E}.Release|Any CPU.ActiveCfg = Release|Any CPU
		{B45C444A-2C74-4EAB-8DEB-5D97A886CB1E}.Release|Any CPU.Build.0 = Release|Any CPU
	EndGlobalSection
	GlobalSection(SolutionProperties) = preSolution
		HideSolutionNode = FALSE
	EndGlobalSection
	GlobalSection(ExtensibilityGlobals) = postSolution
		SolutionGuid = {A0E35A28-8BA5-4250-BAC8-D6AE64D7C760}
	EndGlobalSection
EndGlobal
